{
  "requires": true,
  "lockfileVersion": 1,
  "dependencies": {
    "@types/javascript-time-ago": {
      "version": "2.0.3",
      "resolved": "https://registry.npmjs.org/@types/javascript-time-ago/-/javascript-time-ago-2.0.3.tgz",
      "integrity": "sha512-G6SdYh6gHxgCTU0s4cMIRHwRO4p3f7jQSZbDPfUOZpUAG1od3rTjT0e8rxGThUiTTWQHwpBRws8eHO8D2QqfkA==",
      "dev": true
    },
    "javascript-time-ago": {
      "version": "2.3.8",
      "resolved": "https://registry.npmjs.org/javascript-time-ago/-/javascript-time-ago-2.3.8.tgz",
      "integrity": "sha512-ahVSuInQC6iJtwy/XsburOc6JMsI0OI/84b3nAhtMlDhCm9g4Py+zuiPASnt02B4GkaURqWtiyw98ce0ICAZYQ==",
      "requires": {
        "relative-time-format": "^1.0.5"
      }
    },
    "relative-time-format": {
      "version": "1.0.5",
      "resolved": "https://registry.npmjs.org/relative-time-format/-/relative-time-format-1.0.5.tgz",
      "integrity": "sha512-MAgx/YKcUQYJpIaWcfetPstElnWf26JxVis4PirdwVrrymFdbxyCSm6yENpfB1YuwFbtHSHksN3aBajVNxk10Q=="
    }
  }
}
